
Microsoft Visual Studio Solution File, Format Version 11.00
# Visual Studio 2010
Project("{2150E333-8FDC-42A3-9474-1A3956D46DE8}") = "Solution Items", "Solution Items", "{90C5BFA5-2EAE-473F-A341-1485916CEE43}"
	ProjectSection(SolutionItems) = preProject
		LocalTestRun.testrunconfig = LocalTestRun.testrunconfig
		VersionInfo.cs = VersionInfo.cs
		XmlSearchAndReplace.vsmdi = XmlSearchAndReplace.vsmdi
	EndProjectSection
EndProject
Project("{FAE04EC0-301F-11D3-BF4B-00C04F79EFBC}") = "XmlSnRTest", "XmlSnPTest\XmlSnRTest.csproj", "{8CC941E8-671B-4DD8-AD6C-A46B3C7B0BA9}"
EndProject
Project("{FAE04EC0-301F-11D3-BF4B-00C04F79EFBC}") = "XmlSearchReplaceLib", "XmlSearchReplaceLib\XmlSearchReplaceLib.csproj", "{6B22E86C-3027-4A6F-8172-D5F500DFF476}"
EndProject
Project("{FAE04EC0-301F-11D3-BF4B-00C04F79EFBC}") = "XmlSearchReplaceConsoleApp", "XmlSearchReplace\XmlSearchReplaceConsoleApp.csproj", "{75C646E2-F468-4F94-8D58-FC223C78B8DA}"
EndProject
Project("{FAE04EC0-301F-11D3-BF4B-00C04F79EFBC}") = "XmlSearchReplaceConsoleLib", "XmlSearchReplaceConsoleLib\XmlSearchReplaceConsoleLib.csproj", "{C52D1F27-37A7-41A7-86B8-2A991EB6A373}"
EndProject
Project("{54435603-DBB4-11D2-8724-00A0C9A8B90C}") = "XmlSearchReplaceSetup", "XmlSearchReplaceSetup\XmlSearchReplaceSetup.vdproj", "{B57286BC-8366-4490-AB3A-847EF9265E00}"
EndProject
Global
	GlobalSection(TeamFoundationVersionControl) = preSolution
		SccNumberOfProjects = 6
		SccEnterpriseProvider = {4CA58AB2-18FA-4F8D-95D4-32DDF27D184C}
		SccTeamFoundationServer = https://tfs.codeplex.com/tfs/tfs02
		SccLocalPath0 = .
		SccProjectUniqueName1 = XmlSearchReplace\\XmlSearchReplaceConsoleApp.csproj
		SccProjectName1 = XmlSearchReplace
		SccLocalPath1 = XmlSearchReplace
		SccProjectUniqueName2 = XmlSearchReplaceConsoleLib\\XmlSearchReplaceConsoleLib.csproj
		SccProjectName2 = XmlSearchReplaceConsoleLib
		SccLocalPath2 = XmlSearchReplaceConsoleLib
		SccProjectUniqueName3 = XmlSearchReplaceLib\\XmlSearchReplaceLib.csproj
		SccProjectName3 = XmlSearchReplaceLib
		SccLocalPath3 = XmlSearchReplaceLib
		SccProjectUniqueName4 = XmlSnPTest\\XmlSnRTest.csproj
		SccProjectName4 = XmlSnPTest
		SccLocalPath4 = XmlSnPTest
		SccProjectUniqueName5 = XmlSearchReplaceSetup\\XmlSearchReplaceSetup.vdproj
		SccProjectName5 = XmlSearchReplaceSetup
		SccLocalPath5 = XmlSearchReplaceSetup
	EndGlobalSection
	GlobalSection(TestCaseManagementSettings) = postSolution
		CategoryFile = XmlSearchAndReplace.vsmdi
	EndGlobalSection
	GlobalSection(SolutionConfigurationPlatforms) = preSolution
		Debug|Any CPU = Debug|Any CPU
		Package|Any CPU = Package|Any CPU
		Release|Any CPU = Release|Any CPU
	EndGlobalSection
	GlobalSection(ProjectConfigurationPlatforms) = postSolution
		{8CC941E8-671B-4DD8-AD6C-A46B3C7B0BA9}.Debug|Any CPU.ActiveCfg = Debug|Any CPU
		{8CC941E8-671B-4DD8-AD6C-A46B3C7B0BA9}.Debug|Any CPU.Build.0 = Debug|Any CPU
		{8CC941E8-671B-4DD8-AD6C-A46B3C7B0BA9}.Package|Any CPU.ActiveCfg = Package|Any CPU
		{8CC941E8-671B-4DD8-AD6C-A46B3C7B0BA9}.Release|Any CPU.ActiveCfg = Release|Any CPU
		{8CC941E8-671B-4DD8-AD6C-A46B3C7B0BA9}.Release|Any CPU.Build.0 = Release|Any CPU
		{6B22E86C-3027-4A6F-8172-D5F500DFF476}.Debug|Any CPU.ActiveCfg = Debug|Any CPU
		{6B22E86C-3027-4A6F-8172-D5F500DFF476}.Debug|Any CPU.Build.0 = Debug|Any CPU
		{6B22E86C-3027-4A6F-8172-D5F500DFF476}.Package|Any CPU.ActiveCfg = Package|Any CPU
		{6B22E86C-3027-4A6F-8172-D5F500DFF476}.Package|Any CPU.Build.0 = Package|Any CPU
		{6B22E86C-3027-4A6F-8172-D5F500DFF476}.Release|Any CPU.ActiveCfg = Release|Any CPU
		{6B22E86C-3027-4A6F-8172-D5F500DFF476}.Release|Any CPU.Build.0 = Release|Any CPU
		{75C646E2-F468-4F94-8D58-FC223C78B8DA}.Debug|Any CPU.ActiveCfg = Debug|Any CPU
		{75C646E2-F468-4F94-8D58-FC223C78B8DA}.Debug|Any CPU.Build.0 = Debug|Any CPU
		{75C646E2-F468-4F94-8D58-FC223C78B8DA}.Package|Any CPU.ActiveCfg = Package|Any CPU
		{75C646E2-F468-4F94-8D58-FC223C78B8DA}.Package|Any CPU.Build.0 = Package|Any CPU
		{75C646E2-F468-4F94-8D58-FC223C78B8DA}.Release|Any CPU.ActiveCfg = Release|Any CPU
		{75C646E2-F468-4F94-8D58-FC223C78B8DA}.Release|Any CPU.Build.0 = Release|Any CPU
		{C52D1F27-37A7-41A7-86B8-2A991EB6A373}.Debug|Any CPU.ActiveCfg = Debug|Any CPU
		{C52D1F27-37A7-41A7-86B8-2A991EB6A373}.Debug|Any CPU.Build.0 = Debug|Any CPU
		{C52D1F27-37A7-41A7-86B8-2A991EB6A373}.Package|Any CPU.ActiveCfg = Package|Any CPU
		{C52D1F27-37A7-41A7-86B8-2A991EB6A373}.Package|Any CPU.Build.0 = Package|Any CPU
		{C52D1F27-37A7-41A7-86B8-2A991EB6A373}.Release|Any CPU.ActiveCfg = Release|Any CPU
		{C52D1F27-37A7-41A7-86B8-2A991EB6A373}.Release|Any CPU.Build.0 = Release|Any CPU
		{B57286BC-8366-4490-AB3A-847EF9265E00}.Debug|Any CPU.ActiveCfg = Debug
		{B57286BC-8366-4490-AB3A-847EF9265E00}.Package|Any CPU.ActiveCfg = Package
		{B57286BC-8366-4490-AB3A-847EF9265E00}.Release|Any CPU.ActiveCfg = Release
	EndGlobalSection
	GlobalSection(SolutionProperties) = preSolution
		HideSolutionNode = FALSE
	EndGlobalSection
EndGlobal
